
Microsoft Visual Studio Solution File, Format Version 12.00
# Visual Studio Version 17
VisualStudioVersion = 17.5.33502.453
MinimumVisualStudioVersion = 10.0.40219.1
Project("{FAE04EC0-301F-11D3-BF4B-00C04F79EFBC}") = "JwtAuth.API", "JwtAuth.API\JwtAuth.API.csproj", "{BB7EBC55-F823-40C3-8DA6-AAD2DFE06C99}"
EndProject
Project("{FAE04EC0-301F-11D3-BF4B-00C04F79EFBC}") = "JwtAuth.BLL", "JwtAuth.BLL\JwtAuth.BLL.csproj", "{99BCB170-0C78-4607-814B-581EE8082FD5}"
EndProject
Project("{FAE04EC0-301F-11D3-BF4B-00C04F79EFBC}") = "JwtAuth.DAL", "JwtAuth.DAL\JwtAuth.DAL.csproj", "{3CD9C6F8-2793-483C-B07C-26CAF8218271}"
EndProject
Global
	GlobalSection(SolutionConfigurationPlatforms) = preSolution
		Debug|Any CPU = Debug|Any CPU
		Release|Any CPU = Release|Any CPU
	EndGlobalSection
	GlobalSection(ProjectConfigurationPlatforms) = postSolution
		{BB7EBC55-F823-40C3-8DA6-AAD2DFE06C99}.Debug|Any CPU.ActiveCfg = Debug|Any CPU
		{BB7EBC55-F823-40C3-8DA6-AAD2DFE06C99}.Debug|Any CPU.Build.0 = Debug|Any CPU
		{BB7EBC55-F823-40C3-8DA6-AAD2DFE06C99}.Release|Any CPU.ActiveCfg = Release|Any CPU
		{BB7EBC55-F823-40C3-8DA6-AAD2DFE06C99}.Release|Any CPU.Build.0 = Release|Any CPU
		{99BCB170-0C78-4607-814B-581EE8082FD5}.Debug|Any CPU.ActiveCfg = Debug|Any CPU
		{99BCB170-0C78-4607-814B-581EE8082FD5}.Debug|Any CPU.Build.0 = Debug|Any CPU
		{99BCB170-0C78-4607-814B-581EE8082FD5}.Release|Any CPU.ActiveCfg = Release|Any CPU
		{99BCB170-0C78-4607-814B-581EE8082FD5}.Release|Any CPU.Build.0 = Release|Any CPU
		{3CD9C6F8-2793-483C-B07C-26CAF8218271}.Debug|Any CPU.ActiveCfg = Debug|Any CPU
		{3CD9C6F8-2793-483C-B07C-26CAF8218271}.Debug|Any CPU.Build.0 = Debug|Any CPU
		{3CD9C6F8-2793-483C-B07C-26CAF8218271}.Release|Any CPU.ActiveCfg = Release|Any CPU
		{3CD9C6F8-2793-483C-B07C-26CAF8218271}.Release|Any CPU.Build.0 = Release|Any CPU
	EndGlobalSection
	GlobalSection(SolutionProperties) = preSolution
		HideSolutionNode = FALSE
	EndGlobalSection
	GlobalSection(ExtensibilityGlobals) = postSolution
		SolutionGuid = {68F521C7-2B70-4622-B858-EE7EF7A3905D}
	EndGlobalSection
EndGlobal
